// !$*UTF8*$!
{
	archiveVersion = 1;
	classes = {
	};
	objectVersion = 48;
	objects = {

/* Begin PBXBuildFile section */
		454D655F20230A550021C7E2 /* AppDelegate.swift in Sources */ = {isa = PBXBuildFile; fileRef = 454D655E20230A550021C7E2 /* AppDelegate.swift */; };
		454D656120230A550021C7E2 /* ViewController.swift in Sources */ = {isa = PBXBuildFile; fileRef = 454D656020230A550021C7E2 /* ViewController.swift */; };
		454D656420230A550021C7E2 /* Main.storyboard in Resources */ = {isa = PBXBuildFile; fileRef = 454D656220230A550021C7E2 /* Main.storyboard */; };
		454D656620230A550021C7E2 /* Assets.xcassets in Resources */ = {isa = PBXBuildFile; fileRef = 454D656520230A550021C7E2 /* Assets.xcassets */; };
		454D656920230A550021C7E2 /* LaunchScreen.storyboard in Resources */ = {isa = PBXBuildFile; fileRef = 454D656720230A550021C7E2 /* LaunchScreen.storyboard */; };
		454D7870202326F30021C7E2 /* header.h in Sources */ = {isa = PBXBuildFile; fileRef = 454D7857202326E70021C7E2 /* header.h */; };
		45D6C9682023396500789898 /* hiro.patt in Resources */ = {isa = PBXBuildFile; fileRef = 45D6C9672023396500789898 /* hiro.patt */; };
		45D6C96A2023397700789898 /* camera_para.dat in Resources */ = {isa = PBXBuildFile; fileRef = 45D6C9692023397700789898 /* camera_para.dat */; };
		45D6C9922023419300789898 /* AR_Swift.framework in Frameworks */ = {isa = PBXBuildFile; fileRef = 45D6C96B20233C7B00789898 /* AR_Swift.framework */; };
		45D6C9932023419300789898 /* AR_Swift.framework in Embed Frameworks */ = {isa = PBXBuildFile; fileRef = 45D6C96B20233C7B00789898 /* AR_Swift.framework */; settings = {ATTRIBUTES = (CodeSignOnCopy, RemoveHeadersOnCopy, ); }; };
/* End PBXBuildFile section */

/* Begin PBXCopyFilesBuildPhase section */
		45D6C9942023419300789898 /* Embed Frameworks */ = {
			isa = PBXCopyFilesBuildPhase;
			buildActionMask = 2147483647;
			dstPath = "";
			dstSubfolderSpec = 10;
			files = (
				45D6C9932023419300789898 /* AR_Swift.framework in Embed Frameworks */,
			);
			name = "Embed Frameworks";
			runOnlyForDeploymentPostprocessing = 0;
		};
/* End PBXCopyFilesBuildPhase section */

/* Begin PBXFileReference section */
		454D655B20230A550021C7E2 /* firstAR.app */ = {isa = PBXFileReference; explicitFileType = wrapper.application; includeInIndex = 0; path = firstAR.app; sourceTree = BUILT_PRODUCTS_DIR; };
		454D655E20230A550021C7E2 /* AppDelegate.swift */ = {isa = PBXFileReference; lastKnownFileType = sourcecode.swift; path = AppDelegate.swift; sourceTree = "<group>"; };
		454D656020230A550021C7E2 /* ViewController.swift */ = {isa = PBXFileReference; lastKnownFileType = sourcecode.swift; path = ViewController.swift; sourceTree = "<group>"; };
		454D656320230A550021C7E2 /* Base */ = {isa = PBXFileReference; lastKnownFileType = file.storyboard; name = Base; path = Base.lproj/Main.storyboard; sourceTree = "<group>"; };
		454D656520230A550021C7E2 /* Assets.xcassets */ = {isa = PBXFileReference; lastKnownFileType = folder.assetcatalog; path = Assets.xcassets; sourceTree = "<group>"; };
		454D656820230A550021C7E2 /* Base */ = {isa = PBXFileReference; lastKnownFileType = file.storyboard; name = Base; path = Base.lproj/LaunchScreen.storyboard; sourceTree = "<group>"; };
		454D656A20230A550021C7E2 /* Info.plist */ = {isa = PBXFileReference; lastKnownFileType = text.plist.xml; path = Info.plist; sourceTree = "<group>"; };
		454D7857202326E70021C7E2 /* header.h */ = {isa = PBXFileReference; lastKnownFileType = sourcecode.c.h; path = header.h; sourceTree = "<group>"; };
		45D6C9672023396500789898 /* hiro.patt */ = {isa = PBXFileReference; fileEncoding = 4; lastKnownFileType = text; path = hiro.patt; sourceTree = "<group>"; };
		45D6C9692023397700789898 /* camera_para.dat */ = {isa = PBXFileReference; lastKnownFileType = file; path = camera_para.dat; sourceTree = "<group>"; };
		45D6C96B20233C7B00789898 /* AR_Swift.framework */ = {isa = PBXFileReference; lastKnownFileType = wrapper.framework; path = AR_Swift.framework; sourceTree = "<group>"; };
/* End PBXFileReference section */

/* Begin PBXFrameworksBuildPhase section */
		454D655820230A550021C7E2 /* Frameworks */ = {
			isa = PBXFrameworksBuildPhase;
			buildActionMask = 2147483647;
			files = (
				45D6C9922023419300789898 /* AR_Swift.framework in Frameworks */,
			);
			runOnlyForDeploymentPostprocessing = 0;
		};
/* End PBXFrameworksBuildPhase section */

/* Begin PBXGroup section */
		454D655220230A550021C7E2 = {
			isa = PBXGroup;
			children = (
				454D7857202326E70021C7E2 /* header.h */,
				454D655D20230A550021C7E2 /* firstAR */,
				454D655C20230A550021C7E2 /* Products */,
			);
			sourceTree = "<group>";
		};
		454D655C20230A550021C7E2 /* Products */ = {
			isa = PBXGroup;
			children = (
				454D655B20230A550021C7E2 /* firstAR.app */,
			);
			name = Products;
			sourceTree = "<group>";
		};
		454D655D20230A550021C7E2 /* firstAR */ = {
			isa = PBXGroup;
			children = (
				45D6C96B20233C7B00789898 /* AR_Swift.framework */,
				45D6C9692023397700789898 /* camera_para.dat */,
				45D6C9672023396500789898 /* hiro.patt */,
				454D655E20230A550021C7E2 /* AppDelegate.swift */,
				454D656020230A550021C7E2 /* ViewController.swift */,
				454D656220230A550021C7E2 /* Main.storyboard */,
				454D656520230A550021C7E2 /* Assets.xcassets */,
				454D656720230A550021C7E2 /* LaunchScreen.storyboard */,
				454D656A20230A550021C7E2 /* Info.plist */,
			);
			path = firstAR;
			sourceTree = "<group>";
		};
/* End PBXGroup section */

/* Begin PBXNativeTarget section */
		454D655A20230A550021C7E2 /* firstAR */ = {
			isa = PBXNativeTarget;
			buildConfigurationList = 454D656D20230A550021C7E2 /* Build configuration list for PBXNativeTarget "firstAR" */;
			buildPhases = (
				454D655720230A550021C7E2 /* Sources */,
				454D655820230A550021C7E2 /* Frameworks */,
				454D655920230A550021C7E2 /* Resources */,
				45D6C9942023419300789898 /* Embed Frameworks */,
			);
			buildRules = (
			);
			dependencies = (
			);
			name = firstAR;
			productName = firstAR;
			productReference = 454D655B20230A550021C7E2 /* firstAR.app */;
			productType = "com.apple.product-type.application";
		};
/* End PBXNativeTarget section */

/* Begin PBXProject section */
		454D655320230A550021C7E2 /* Project object */ = {
			isa = PBXProject;
			attributes = {
				LastSwiftUpdateCheck = 0920;
				LastUpgradeCheck = 0920;
				ORGANIZATIONNAME = Demo;
				TargetAttributes = {
					454D655A20230A550021C7E2 = {
						CreatedOnToolsVersion = 9.2;
						ProvisioningStyle = Automatic;
					};
				};
			};
			buildConfigurationList = 454D655620230A550021C7E2 /* Build configuration list for PBXProject "firstAR" */;
			compatibilityVersion = "Xcode 8.0";
			developmentRegion = en;
			hasScannedForEncodings = 0;
			knownRegions = (
				en,
				Base,
			);
			mainGroup = 454D655220230A550021C7E2;
			productRefGroup = 454D655C20230A550021C7E2 /* Products */;
			projectDirPath = "";
			projectRoot = "";
			targets = (
				454D655A20230A550021C7E2 /* firstAR */,
			);
		};
/* End PBXProject section */

/* Begin PBXResourcesBuildPhase section */
		454D655920230A550021C7E2 /* Resources */ = {
			isa = PBXResourcesBuildPhase;
			buildActionMask = 2147483647;
			files = (
				454D656920230A550021C7E2 /* LaunchScreen.storyboard in Resources */,
				454D656620230A550021C7E2 /* Assets.xcassets in Resources */,
				45D6C9682023396500789898 /* hiro.patt in Resources */,
				454D656420230A550021C7E2 /* Main.storyboard in Resources */,
				45D6C96A2023397700789898 /* camera_para.dat in Resources */,
			);
			runOnlyForDeploymentPostprocessing = 0;
		};
/* End PBXResourcesBuildPhase section */

/* Begin PBXSourcesBuildPhase section */
		454D655720230A550021C7E2 /* Sources */ = {
			isa = PBXSourcesBuildPhase;
			buildActionMask = 2147483647;
			files = (
				454D7870202326F30021C7E2 /* header.h in Sources */,
				454D656120230A550021C7E2 /* ViewController.swift in Sources */,
				454D655F20230A550021C7E2 /* AppDelegate.swift in Sources */,
			);
			runOnlyForDeploymentPostprocessing = 0;
		};
/* End PBXSourcesBuildPhase section */

/* Begin PBXVariantGroup section */
		454D656220230A550021C7E2 /* Main.storyboard */ = {
			isa = PBXVariantGroup;
			children = (
				454D656320230A550021C7E2 /* Base */,
			);
			name = Main.storyboard;
			sourceTree = "<group>";
		};
		454D656720230A550021C7E2 /* LaunchScreen.storyboard */ = {
			isa = PBXVariantGroup;
			children = (
				454D656820230A550021C7E2 /* Base */,
			);
			name = LaunchScreen.storyboard;
			sourceTree = "<group>";
		};
/* End PBXVariantGroup section */

/* Begin XCBuildConfiguration section */
		454D656B20230A550021C7E2 /* Debug */ = {
			isa = XCBuildConfiguration;
			buildSettings = {
				ALWAYS_SEARCH_USER_PATHS = NO;
				CLANG_ANALYZER_NONNULL = YES;
				CLANG_ANALYZER_NUMBER_OBJECT_CONVERSION = YES_AGGRESSIVE;
				CLANG_CXX_LANGUAGE_STANDARD = "gnu++14";
				CLANG_CXX_LIBRARY = "libc++";
				CLANG_ENABLE_MODULES = YES;
				CLANG_ENABLE_OBJC_ARC = YES;
				CLANG_WARN_BLOCK_CAPTURE_AUTORELEASING = YES;
				CLANG_WARN_BOOL_CONVERSION = YES;
				CLANG_WARN_COMMA = YES;
				CLANG_WARN_CONSTANT_CONVERSION = YES;
				CLANG_WARN_DIRECT_OBJC_ISA_USAGE = YES_ERROR;
				CLANG_WARN_DOCUMENTATION_COMMENTS = YES;
				CLANG_WARN_EMPTY_BODY = YES;
				CLANG_WARN_ENUM_CONVERSION = YES;
				CLANG_WARN_INFINITE_RECURSION = YES;
				CLANG_WARN_INT_CONVERSION = YES;
				CLANG_WARN_NON_LITERAL_NULL_CONVERSION = YES;
				CLANG_WARN_OBJC_LITERAL_CONVERSION = YES;
				CLANG_WARN_OBJC_ROOT_CLASS = YES_ERROR;
				CLANG_WARN_RANGE_LOOP_ANALYSIS = YES;
				CLANG_WARN_STRICT_PROTOTYPES = YES;
				CLANG_WARN_SUSPICIOUS_MOVE = YES;
				CLANG_WARN_UNGUARDED_AVAILABILITY = YES_AGGRESSIVE;
				CLANG_WARN_UNREACHABLE_CODE = YES;
				CLANG_WARN__DUPLICATE_METHOD_MATCH = YES;
				CODE_SIGN_IDENTITY = "iPhone Developer";
				COPY_PHASE_STRIP = NO;
				DEBUG_INFORMATION_FORMAT = dwarf;
				ENABLE_STRICT_OBJC_MSGSEND = YES;
				ENABLE_TESTABILITY = YES;
				GCC_C_LANGUAGE_STANDARD = gnu11;
				GCC_DYNAMIC_NO_PIC = NO;
				GCC_NO_COMMON_BLOCKS = YES;
				GCC_OPTIMIZATION_LEVEL = 0;
				GCC_PREPROCESSOR_DEFINITIONS = (
					"DEBUG=1",
					"$(inherited)",
				);
				GCC_WARN_64_TO_32_BIT_CONVERSION = YES;
				GCC_WARN_ABOUT_RETURN_TYPE = YES_ERROR;
				GCC_WARN_UNDECLARED_SELECTOR = YES;
				GCC_WARN_UNINITIALIZED_AUTOS = YES_AGGRESSIVE;
				GCC_WARN_UNUSED_FUNCTION = YES;
				GCC_WARN_UNUSED_VARIABLE = YES;
				IPHONEOS_DEPLOYMENT_TARGET = 11.2;
				MTL_ENABLE_DEBUG_INFO = YES;
				ONLY_ACTIVE_ARCH = YES;
				SDKROOT = iphoneos;
				SWIFT_ACTIVE_COMPILATION_CONDITIONS = DEBUG;
				SWIFT_OPTIMIZATION_LEVEL = "-Onone";
			};
			name = Debug;
		};
		454D656C20230A550021C7E2 /* Release */ = {
			isa = XCBuildConfiguration;
			buildSettings = {
				ALWAYS_SEARCH_USER_PATHS = NO;
				CLANG_ANALYZER_NONNULL = YES;
				CLANG_ANALYZER_NUMBER_OBJECT_CONVERSION = YES_AGGRESSIVE;
				CLANG_CXX_LANGUAGE_STANDARD = "gnu++14";
				CLANG_CXX_LIBRARY = "libc++";
				CLANG_ENABLE_MODULES = YES;
				CLANG_ENABLE_OBJC_ARC = YES;
				CLANG_WARN_BLOCK_CAPTURE_AUTORELEASING = YES;
				CLANG_WARN_BOOL_CONVERSION = YES;
				CLANG_WARN_COMMA = YES;
				CLANG_WARN_CONSTANT_CONVERSION = YES;
				CLANG_WARN_DIRECT_OBJC_ISA_USAGE = YES_ERROR;
				CLANG_WARN_DOCUMENTATION_COMMENTS = YES;
				CLANG_WARN_EMPTY_BODY = YES;
				CLANG_WARN_ENUM_CONVERSION = YES;
				CLANG_WARN_INFINITE_RECURSION = YES;
				CLANG_WARN_INT_CONVERSION = YES;
				CLANG_WARN_NON_LITERAL_NULL_CONVERSION = YES;
				CLANG_WARN_OBJC_LITERAL_CONVERSION = YES;
				CLANG_WARN_OBJC_ROOT_CLASS = YES_ERROR;
				CLANG_WARN_RANGE_LOOP_ANALYSIS = YES;
				CLANG_WARN_STRICT_PROTOTYPES = YES;
				CLANG_WARN_SUSPICIOUS_MOVE = YES;
				CLANG_WARN_UNGUARDED_AVAILABILITY = YES_AGGRESSIVE;
				CLANG_WARN_UNREACHABLE_CODE = YES;
				CLANG_WARN__DUPLICATE_METHOD_MATCH = YES;
				CODE_SIGN_IDENTITY = "iPhone Developer";
				COPY_PHASE_STRIP = NO;
				DEBUG_INFORMATION_FORMAT = "dwarf-with-dsym";
				ENABLE_NS_ASSERTIONS = NO;
				ENABLE_STRICT_OBJC_MSGSEND = YES;
				GCC_C_LANGUAGE_STANDARD = gnu11;
				GCC_NO_COMMON_BLOCKS = YES;
				GCC_WARN_64_TO_32_BIT_CONVERSION = YES;
				GCC_WARN_ABOUT_RETURN_TYPE = YES_ERROR;
				GCC_WARN_UNDECLARED_SELECTOR = YES;
				GCC_WARN_UNINITIALIZED_AUTOS = YES_AGGRESSIVE;
				GCC_WARN_UNUSED_FUNCTION = YES;
				GCC_WARN_UNUSED_VARIABLE = YES;
				IPHONEOS_DEPLOYMENT_TARGET = 11.2;
				MTL_ENABLE_DEBUG_INFO = NO;
				SDKROOT = iphoneos;
				SWIFT_OPTIMIZATION_LEVEL = "-Owholemodule";
				VALIDATE_PRODUCT = YES;
			};
			name = Release;
		};
		454D656E20230A550021C7E2 /* Debug */ = {
			isa = XCBuildConfiguration;
			buildSettings = {
				ASSETCATALOG_COMPILER_APPICON_NAME = AppIcon;
				CODE_SIGN_STYLE = Automatic;
				DEVELOPMENT_TEAM = USC5Q9AT2C;
				ENABLE_BITCODE = NO;
				FRAMEWORK_SEARCH_PATHS = (
					"$(inherited)",
					"$(PROJECT_DIR)/firstAR",
				);
				INFOPLIST_FILE = firstAR/Info.plist;
				LD_RUNPATH_SEARCH_PATHS = "$(inherited) @executable_path/Frameworks";
				LIBRARY_SEARCH_PATHS = (
					"$(inherited)",
					"$(PROJECT_DIR)/ARKIt/bin",
					"$(PROJECT_DIR)/ARKIt/lib/ios7",
					"$(PROJECT_DIR)/ARKIt/lib",
					"$(PROJECT_DIR)/ARKIt/lib/macosx-universal",
				);
				PRODUCT_BUNDLE_IDENTIFIER = com.sayg.firstAR;
				PRODUCT_NAME = "$(TARGET_NAME)";
				SWIFT_OBJC_BRIDGING_HEADER = header.h;
				SWIFT_VERSION = 4.0;
				TARGETED_DEVICE_FAMILY = "1,2";
			};
			name = Debug;
		};
		454D656F20230A550021C7E2 /* Release */ = {
			isa = XCBuildConfiguration;
			buildSettings = {
				ASSETCATALOG_COMPILER_APPICON_NAME = AppIcon;
				CODE_SIGN_STYLE = Automatic;
				DEVELOPMENT_TEAM = USC5Q9AT2C;
				ENABLE_BITCODE = NO;
				FRAMEWORK_SEARCH_PATHS = (
					"$(inherited)",
					"$(PROJECT_DIR)/firstAR",
				);
				INFOPLIST_FILE = firstAR/Info.plist;
				LD_RUNPATH_SEARCH_PATHS = "$(inherited) @executable_path/Frameworks";
				LIBRARY_SEARCH_PATHS = (
					"$(inherited)",
					"$(PROJECT_DIR)/ARKIt/bin",
					"$(PROJECT_DIR)/ARKIt/lib/ios7",
					"$(PROJECT_DIR)/ARKIt/lib",
					"$(PROJECT_DIR)/ARKIt/lib/macosx-universal",
				);
				PRODUCT_BUNDLE_IDENTIFIER = com.sayg.firstAR;
				PRODUCT_NAME = "$(TARGET_NAME)";
				SWIFT_OBJC_BRIDGING_HEADER = header.h;
				SWIFT_VERSION = 4.0;
				TARGETED_DEVICE_FAMILY = "1,2";
			};
			name = Release;
		};
/* End XCBuildConfiguration section */

/* Begin XCConfigurationList section */
		454D655620230A550021C7E2 /* Build configuration list for PBXProject "firstAR" */ = {
			isa = XCConfigurationList;
			buildConfigurations = (
				454D656B20230A550021C7E2 /* Debug */,
				454D656C20230A550021C7E2 /* Release */,
			);
			defaultConfigurationIsVisible = 0;
			defaultConfigurationName = Release;
		};
		454D656D20230A550021C7E2 /* Build configuration list for PBXNativeTarget "firstAR" */ = {
			isa = XCConfigurationList;
			buildConfigurations = (
				454D656E20230A550021C7E2 /* Debug */,
				454D656F20230A550021C7E2 /* Release */,
			);
			defaultConfigurationIsVisible = 0;
			defaultConfigurationName = Release;
		};
/* End XCConfigurationList section */
	};
	rootObject = 454D655320230A550021C7E2 /* Project object */;
}
